
Microsoft Visual Studio Solution File, Format Version 12.00
# Visual Studio 2012
Project("{FAE04EC0-301F-11D3-BF4B-00C04F79EFBC}") = "Shuttle.Core.Data", "Shuttle.Core.Data\Shuttle.Core.Data.csproj", "{3B7F096A-68DB-4D4B-A823-CB147A310837}"
EndProject
Project("{2150E333-8FDC-42A3-9474-1A3956D46DE8}") = ".nuget", ".nuget", "{D264EAD6-5A94-4CF2-BEA6-6404AA462662}"
	ProjectSection(SolutionItems) = preProject
		.nuget\NuGet.Config = .nuget\NuGet.Config
		.nuget\NuGet.exe = .nuget\NuGet.exe
		.nuget\NuGet.targets = .nuget\NuGet.targets
	EndProjectSection
EndProject
Project("{2150E333-8FDC-42A3-9474-1A3956D46DE8}") = "Solution Items", "Solution Items", "{7BCCD618-42EB-48FC-812B-62D262A7919E}"
	ProjectSection(SolutionItems) = preProject
		LICENSE = LICENSE
		README.md = README.md
	EndProjectSection
EndProject
Project("{2150E333-8FDC-42A3-9474-1A3956D46DE8}") = ".build", ".build", "{41EEDED5-A9CA-40C4-B597-75097228E4C5}"
	ProjectSection(SolutionItems) = preProject
		.build\package.msbuild = .build\package.msbuild
		.build\package.nuspec = .build\package.nuspec
		.build\Shuttle.Core.MSBuild.dll = .build\Shuttle.Core.MSBuild.dll
		.build\Shuttle.Core.MSBuild.targets = .build\Shuttle.Core.MSBuild.targets
	EndProjectSection
EndProject
Project("{FAE04EC0-301F-11D3-BF4B-00C04F79EFBC}") = "Shuttle.Core.Data.Tests", "Shuttle.Core.Data.Tests\Shuttle.Core.Data.Tests.csproj", "{2B530E5F-CEC4-4016-B298-783E819CB1F5}"
EndProject
Global
	GlobalSection(SolutionConfigurationPlatforms) = preSolution
		Debug|Any CPU = Debug|Any CPU
		Release|Any CPU = Release|Any CPU
	EndGlobalSection
	GlobalSection(ProjectConfigurationPlatforms) = postSolution
		{3B7F096A-68DB-4D4B-A823-CB147A310837}.Debug|Any CPU.ActiveCfg = Debug|Any CPU
		{3B7F096A-68DB-4D4B-A823-CB147A310837}.Debug|Any CPU.Build.0 = Debug|Any CPU
		{3B7F096A-68DB-4D4B-A823-CB147A310837}.Release|Any CPU.ActiveCfg = Release|Any CPU
		{3B7F096A-68DB-4D4B-A823-CB147A310837}.Release|Any CPU.Build.0 = Release|Any CPU
		{2B530E5F-CEC4-4016-B298-783E819CB1F5}.Debug|Any CPU.ActiveCfg = Debug|Any CPU
		{2B530E5F-CEC4-4016-B298-783E819CB1F5}.Debug|Any CPU.Build.0 = Debug|Any CPU
		{2B530E5F-CEC4-4016-B298-783E819CB1F5}.Release|Any CPU.ActiveCfg = Release|Any CPU
		{2B530E5F-CEC4-4016-B298-783E819CB1F5}.Release|Any CPU.Build.0 = Release|Any CPU
	EndGlobalSection
	GlobalSection(SolutionProperties) = preSolution
		HideSolutionNode = FALSE
	EndGlobalSection
EndGlobal
